
Microsoft Visual Studio Solution File, Format Version 12.00
# Visual Studio Version 16
VisualStudioVersion = 16.0.32106.194
MinimumVisualStudioVersion = 10.0.40219.1
Project("{FAE04EC0-301F-11D3-BF4B-00C04F79EFBC}") = "GitTestProject", "GitTestProject\GitTestProject.csproj", "{777386B7-C7DB-4F18-A4BF-C8A99F21825F}"
EndProject
Global
	GlobalSection(SolutionConfigurationPlatforms) = preSolution
		Debug|Any CPU = Debug|Any CPU
		Release|Any CPU = Release|Any CPU
	EndGlobalSection
	GlobalSection(ProjectConfigurationPlatforms) = postSolution
		{777386B7-C7DB-4F18-A4BF-C8A99F21825F}.Debug|Any CPU.ActiveCfg = Debug|Any CPU
		{777386B7-C7DB-4F18-A4BF-C8A99F21825F}.Debug|Any CPU.Build.0 = Debug|Any CPU
		{777386B7-C7DB-4F18-A4BF-C8A99F21825F}.Release|Any CPU.ActiveCfg = Release|Any CPU
		{777386B7-C7DB-4F18-A4BF-C8A99F21825F}.Release|Any CPU.Build.0 = Release|Any CPU
	EndGlobalSection
	GlobalSection(SolutionProperties) = preSolution
		HideSolutionNode = FALSE
	EndGlobalSection
	GlobalSection(ExtensibilityGlobals) = postSolution
		SolutionGuid = {4EECAEC9-7EF5-4009-BEA0-5F2F80237A6F}
	EndGlobalSection
EndGlobal
